
Microsoft Visual Studio Solution File, Format Version 12.00
# Visual Studio Version 17
VisualStudioVersion = 17.11.35219.272
MinimumVisualStudioVersion = 10.0.40219.1
Project("{FAE04EC0-301F-11D3-BF4B-00C04F79EFBC}") = "TicTacToeStarter", "TicTacToeStarter\TicTacToeStarter.csproj", "{CDA8F4FC-DD12-458E-9D69-F379C014F219}"
EndProject
Global
	GlobalSection(SolutionConfigurationPlatforms) = preSolution
		Debug|Any CPU = Debug|Any CPU
		Release|Any CPU = Release|Any CPU
	EndGlobalSection
	GlobalSection(ProjectConfigurationPlatforms) = postSolution
		{CDA8F4FC-DD12-458E-9D69-F379C014F219}.Debug|Any CPU.ActiveCfg = Debug|Any CPU
		{CDA8F4FC-DD12-458E-9D69-F379C014F219}.Debug|Any CPU.Build.0 = Debug|Any CPU
		{CDA8F4FC-DD12-458E-9D69-F379C014F219}.Release|Any CPU.ActiveCfg = Release|Any CPU
		{CDA8F4FC-DD12-458E-9D69-F379C014F219}.Release|Any CPU.Build.0 = Release|Any CPU
	EndGlobalSection
	GlobalSection(SolutionProperties) = preSolution
		HideSolutionNode = FALSE
	EndGlobalSection
	GlobalSection(ExtensibilityGlobals) = postSolution
		SolutionGuid = {90053C71-8C11-4053-A323-DD4A6A6C7921}
	EndGlobalSection
EndGlobal
